# THIS IS AN AUTOGENERATED FILE. DO NOT EDIT THIS FILE DIRECTLY.
# yarn lockfile v1


"@babel/runtime-corejs2@^7.15.4":
  version "7.15.4"
  resolved "https://registry.yarnpkg.com/@babel/runtime-corejs2/-/runtime-corejs2-7.15.4.tgz#dda5554d18e2ebd4e374e73708590e72e1e674f7"
  integrity sha512-TmuTI+n5HsMesW6Ah2WjvBwix9fBMXwbMxQV3c0ETLAzlmwN4OeRVbYMYwp9P4LEOlAxwGKdd9e8pMiLMAg/Mg==
  dependencies:
    core-js "^2.6.5"
    regenerator-runtime "^0.13.4"

"@douglas-serena/utils@^1.0.1":
  version "1.4.4"
  resolved "https://registry.yarnpkg.com/@douglas-serena/utils/-/utils-1.4.4.tgz#fb88b13e3121183f7578e4c08664a2dc2a4d3f0b"
  integrity sha512-/NU3gN8xqzJyOVTPK0Np3gBAPhnWdZI/iJsIBAAu5IXCW07PNj8yC4naW01XdMfaIHRW4sXS7LkgvQ3pAKgTpQ==
  dependencies:
    "@babel/runtime-corejs2" "^7.15.4"
    dayjs "^1.10.4"
    imask "^6.1.0"
    inputmask "^5.0.6"
    rxjs "^7.3.1"
    simple-mask-money "^3.0.1"
    vanilla-masker "^1.2.0"

"@ngx-translate/core@^13.0.0":
  version "13.0.0"
  resolved "https://registry.yarnpkg.com/@ngx-translate/core/-/core-13.0.0.tgz#60547cb8a0845a2a0abfde6b0bf5ec6516a63fd6"
  integrity sha512-+tzEp8wlqEnw0Gc7jtVRAJ6RteUjXw6JJR4O65KlnxOmJrCGPI0xjV/lKRnQeU0w4i96PQs/jtpL921Wrb7PWg==
  dependencies:
    tslib "^2.0.0"

core-js@^2.6.5:
  version "2.6.12"
  resolved "https://registry.yarnpkg.com/core-js/-/core-js-2.6.12.tgz#d9333dfa7b065e347cc5682219d6f690859cc2ec"
  integrity sha512-Kb2wC0fvsWfQrgk8HU5lW6U/Lcs8+9aaYcy4ZFc6DDlo4nZ7n70dEgE5rtR0oG6ufKDUnrwfWL1mXR5ljDatrQ==

dayjs@^1.10.4:
  version "1.10.7"
  resolved "https://registry.yarnpkg.com/dayjs/-/dayjs-1.10.7.tgz#2cf5f91add28116748440866a0a1d26f3a6ce468"
  integrity sha512-P6twpd70BcPK34K26uJ1KT3wlhpuOAPoMwJzpsIWUxHZ7wpmbdZL/hQqBDfz7hGurYSa5PhzdhDHtt319hL3ig==

imask@^6.1.0:
  version "6.2.2"
  resolved "https://registry.yarnpkg.com/imask/-/imask-6.2.2.tgz#c72c0ce9a52f57539ecdc264eccc2407d20e13b5"
  integrity sha512-oREITqngsjD0YxO62UpVQSxLNjIcb/mNO9hX2F8xQ282Kj3X9KXEAobipbUXz5R5NgtiL6nOPrWwo+AnLuz5AQ==

inputmask@^5.0.6:
  version "5.0.6"
  resolved "https://registry.yarnpkg.com/inputmask/-/inputmask-5.0.6.tgz#c537a197b0c15ff926db4c2ea654f9768015b1c4"
  integrity sha512-/QjZuOEB7fJKMEu3xKL3LlycctMmK53Zr/fGSFtcjrfYxXks93iptutYowWNR1oUsHr2QIzy6V3MMYz07P2Cfw==

jwt-decode@^3.1.2:
  version "3.1.2"
  resolved "https://registry.yarnpkg.com/jwt-decode/-/jwt-decode-3.1.2.tgz#3fb319f3675a2df0c2895c8f5e9fa4b67b04ed59"
  integrity sha512-UfpWE/VZn0iP50d8cz9NrZLM9lSWhcJ+0Gt/nm4by88UL+J1SiKN8/5dkjMmbEzwL2CAe+67GsegCbIKtbp75A==

regenerator-runtime@^0.13.4:
  version "0.13.9"
  resolved "https://registry.yarnpkg.com/regenerator-runtime/-/regenerator-runtime-0.13.9.tgz#8925742a98ffd90814988d7566ad30ca3b263b52"
  integrity sha512-p3VT+cOEgxFsRRA9X4lkI1E+k2/CtnKtU4gcxyaCUreilL/vqI6CdZ3wxVUx3UOUg+gnUOQQcRI7BmSI656MYA==

rxjs@^7.3.1:
  version "7.4.0"
  resolved "https://registry.yarnpkg.com/rxjs/-/rxjs-7.4.0.tgz#a12a44d7eebf016f5ff2441b87f28c9a51cebc68"
  integrity sha512-7SQDi7xeTMCJpqViXh8gL/lebcwlp3d831F05+9B44A4B0WfsEwUQHR64gsH1kvJ+Ep/J9K2+n1hVl1CsGN23w==
  dependencies:
    tslib "~2.1.0"

simple-mask-money@^3.0.1:
  version "3.0.1"
  resolved "https://registry.yarnpkg.com/simple-mask-money/-/simple-mask-money-3.0.1.tgz#f96dbe641f0cfa5a0458017a1b92b0402e78bd25"
  integrity sha512-EdQsBiOE0MhWCpCkUzUm7vbxPviTn/FWXQV6kmYggFLBlBDdWbJGyithizmwdeBFQiunPBZruU2xoX2H8Qlv9w==

tslib@^2.0.0, tslib@^2.1.0:
  version "2.3.1"
  resolved "https://registry.yarnpkg.com/tslib/-/tslib-2.3.1.tgz#e8a335add5ceae51aa261d32a490158ef042ef01"
  integrity sha512-77EbyPPpMz+FRFRuAFlWMtmgUWGe9UOG2Z25NqCwiIjRhOf5iKGuzSe5P2w1laq+FkRy4p+PCuVkJSGkzTEKVw==

tslib@~2.1.0:
  version "2.1.0"
  resolved "https://registry.yarnpkg.com/tslib/-/tslib-2.1.0.tgz#da60860f1c2ecaa5703ab7d39bc05b6bf988b97a"
  integrity sha512-hcVC3wYEziELGGmEEXue7D75zbwIIVUMWAVbHItGPx0ziyXxrOMQx4rQEVEV45Ut/1IotuEvwqPopzIOkDMf0A==

vanilla-masker@^1.2.0:
  version "1.2.0"
  resolved "https://registry.yarnpkg.com/vanilla-masker/-/vanilla-masker-1.2.0.tgz#c2830e9d994a5fecd2261506477c2707fe589756"
  integrity sha1-woMOnZlKX+zSJhUGR3wnB/5Yl1Y=
